# This file was autogenerated by uv via the following command:
#    uv pip compile requirements-dev.txt -c requirements.lock -o requirements-dev.lock --python-version 3.12
aiosqlite==0.22.1
    # via -r requirements-dev.txt
asgiref==3.11.1
    # via
    #   -c requirements.lock
    #   opentelemetry-instrumentation-asgi
bandit==1.7.9
    # via -r requirements-dev.txt
boolean-py==5.0
    # via license-expression
cachecontrol==0.14.4
    # via pip-audit
certifi==2026.4.22
    # via
    #   -c requirements.lock
    #   requests
cffi==2.0.0
    # via
    #   -c requirements.lock
    #   cryptography
charset-normalizer==3.4.7
    # via requests
coverage==7.14.0
    # via pytest-cov
cryptography==47.0.0
    # via
    #   -c requirements.lock
    #   types-pyopenssl
    #   types-redis
cyclonedx-python-lib==8.9.0
    # via pip-audit
defusedxml==0.7.1
    # via py-serializable
fakeredis==2.35.1
    # via -r requirements-dev.txt
filelock==3.29.0
    # via cachecontrol
googleapis-common-protos==1.74.0
    # via
    #   -c requirements.lock
    #   opentelemetry-exporter-otlp-proto-grpc
greenlet==3.5.0
    # via -r requirements-dev.txt
grpcio==1.80.0
    # via
    #   -c requirements.lock
    #   opentelemetry-exporter-otlp-proto-grpc
idna==3.15
    # via
    #   -c requirements.lock
    #   requests
importlib-metadata==8.7.1
    # via
    #   -c requirements.lock
    #   opentelemetry-api
iniconfig==2.3.0
    # via pytest
librt==0.9.0
    # via mypy
license-expression==30.4.4
    # via cyclonedx-python-lib
markdown-it-py==4.0.0
    # via
    #   -c requirements.lock
    #   rich
mdurl==0.1.2
    # via
    #   -c requirements.lock
    #   markdown-it-py
msgpack==1.1.2
    # via cachecontrol
mypy==1.20.2
    # via -r requirements-dev.txt
mypy-extensions==1.1.0
    # via mypy
opentelemetry-api==1.41.1
    # via
    #   -c requirements.lock
    #   -r requirements-dev.txt
    #   opentelemetry-exporter-otlp-proto-grpc
    #   opentelemetry-instrumentation
    #   opentelemetry-instrumentation-asgi
    #   opentelemetry-instrumentation-fastapi
    #   opentelemetry-instrumentation-httpx
    #   opentelemetry-instrumentation-redis
    #   opentelemetry-instrumentation-sqlalchemy
    #   opentelemetry-sdk
    #   opentelemetry-semantic-conventions
opentelemetry-exporter-otlp-proto-common==1.41.1
    # via
    #   -c requirements.lock
    #   opentelemetry-exporter-otlp-proto-grpc
opentelemetry-exporter-otlp-proto-grpc==1.41.1
    # via
    #   -c requirements.lock
    #   -r requirements-dev.txt
opentelemetry-instrumentation==0.62b1
    # via
    #   -c requirements.lock
    #   opentelemetry-instrumentation-asgi
    #   opentelemetry-instrumentation-fastapi
    #   opentelemetry-instrumentation-httpx
    #   opentelemetry-instrumentation-redis
    #   opentelemetry-instrumentation-sqlalchemy
opentelemetry-instrumentation-asgi==0.62b1
    # via
    #   -c requirements.lock
    #   -r requirements-dev.txt
    #   opentelemetry-instrumentation-fastapi
opentelemetry-instrumentation-fastapi==0.62b1
    # via
    #   -c requirements.lock
    #   -r requirements-dev.txt
opentelemetry-instrumentation-httpx==0.62b1
    # via
    #   -c requirements.lock
    #   -r requirements-dev.txt
opentelemetry-instrumentation-redis==0.62b1
    # via
    #   -c requirements.lock
    #   -r requirements-dev.txt
opentelemetry-instrumentation-sqlalchemy==0.62b1
    # via
    #   -c requirements.lock
    #   -r requirements-dev.txt
opentelemetry-proto==1.41.1
    # via
    #   -c requirements.lock
    #   opentelemetry-exporter-otlp-proto-common
    #   opentelemetry-exporter-otlp-proto-grpc
opentelemetry-sdk==1.41.1
    # via
    #   -c requirements.lock
    #   -r requirements-dev.txt
    #   opentelemetry-exporter-otlp-proto-grpc
opentelemetry-semantic-conventions==0.62b1
    # via
    #   -c requirements.lock
    #   opentelemetry-instrumentation
    #   opentelemetry-instrumentation-asgi
    #   opentelemetry-instrumentation-fastapi
    #   opentelemetry-instrumentation-httpx
    #   opentelemetry-instrumentation-redis
    #   opentelemetry-instrumentation-sqlalchemy
    #   opentelemetry-sdk
opentelemetry-util-http==0.62b1
    # via
    #   -c requirements.lock
    #   opentelemetry-instrumentation-asgi
    #   opentelemetry-instrumentation-fastapi
    #   opentelemetry-instrumentation-httpx
packageurl-python==0.17.6
    # via cyclonedx-python-lib
packaging==26.2
    # via
    #   -c requirements.lock
    #   opentelemetry-instrumentation
    #   opentelemetry-instrumentation-sqlalchemy
    #   pip-audit
    #   pip-requirements-parser
    #   pytest
pathspec==1.1.1
    # via mypy
pip==26.1
    # via pip-api
pip-api==0.0.34
    # via pip-audit
pip-audit==2.8.0
    # via -r requirements-dev.txt
pip-requirements-parser==32.0.1
    # via pip-audit
platformdirs==4.9.6
    # via pip-audit
pluggy==1.6.0
    # via
    #   pytest
    #   pytest-cov
protobuf==6.33.6
    # via
    #   -c requirements.lock
    #   googleapis-common-protos
    #   opentelemetry-proto
py-serializable==1.1.2
    # via cyclonedx-python-lib
pycparser==3.0
    # via
    #   -c requirements.lock
    #   cffi
pygments==2.20.0
    # via
    #   -c requirements.lock
    #   pytest
    #   rich
pyparsing==3.3.2
    # via pip-requirements-parser
pytest==9.0.3
    # via
    #   -r requirements-dev.txt
    #   pytest-asyncio
    #   pytest-cov
pytest-asyncio==1.3.0
    # via -r requirements-dev.txt
pytest-cov==7.1.0
    # via -r requirements-dev.txt
pyyaml==6.0.1
    # via
    #   -c requirements.lock
    #   -r requirements-dev.txt
    #   bandit
redis==7.4.0
    # via
    #   -c requirements.lock
    #   fakeredis
requests==2.33.1
    # via
    #   cachecontrol
    #   pip-audit
rich==13.9.4
    # via
    #   -c requirements.lock
    #   bandit
    #   pip-audit
ruff==0.6.9
    # via -r requirements-dev.txt
sortedcontainers==2.4.0
    # via
    #   cyclonedx-python-lib
    #   fakeredis
stevedore==5.7.0
    # via bandit
toml==0.10.2
    # via pip-audit
types-cffi==2.0.0.20260429
    # via types-pyopenssl
types-pyopenssl==24.1.0.20240722
    # via types-redis
types-pyyaml==6.0.12.20260508
    # via -r requirements-dev.txt
types-redis==4.6.0.20241004
    # via -r requirements-dev.txt
types-setuptools==82.0.0.20260408
    # via types-cffi
typing-extensions==4.15.0
    # via
    #   -c requirements.lock
    #   grpcio
    #   mypy
    #   opentelemetry-api
    #   opentelemetry-exporter-otlp-proto-grpc
    #   opentelemetry-sdk
    #   opentelemetry-semantic-conventions
    #   pytest-asyncio
urllib3==2.7.0
    # via
    #   -c requirements.lock
    #   requests
wrapt==2.1.2
    # via
    #   -c requirements.lock
    #   opentelemetry-instrumentation
    #   opentelemetry-instrumentation-httpx
    #   opentelemetry-instrumentation-redis
    #   opentelemetry-instrumentation-sqlalchemy
zipp==3.23.1
    # via
    #   -c requirements.lock
    #   importlib-metadata
